
Microsoft Visual Studio Solution File, Format Version 12.00
# Visual Studio 15
VisualStudioVersion = 15.0.26124.0
MinimumVisualStudioVersion = 15.0.26124.0
Project("{2150E333-8FDC-42A3-9474-1A3956D46DE8}") = "src", "src", "{D22495EB-8649-47C6-9F0F-C077DAF3484C}"
EndProject
Project("{6EC3EE1D-3C4E-46DD-8F32-0CC8E7565705}") = "faprs.service", "src\faprs.service\faprs.service.fsproj", "{25F86BE5-E9E9-4C31-8A80-CCFCF5D130CE}"
EndProject
Project("{6EC3EE1D-3C4E-46DD-8F32-0CC8E7565705}") = "faprs.tests", "src\faprs.tests\faprs.tests.fsproj", "{5E1BE134-C4AC-47F3-B4BA-6C30DDC95E9D}"
EndProject
Project("{6EC3EE1D-3C4E-46DD-8F32-0CC8E7565705}") = "faprs.core", "src\faprs.core\faprs.core.fsproj", "{33E51EA4-724D-4188-9C16-E4092C85561C}"
EndProject
Project("{6EC3EE1D-3C4E-46DD-8F32-0CC8E7565705}") = "faprs.cli", "src\faprs.cli\faprs.cli.fsproj", "{E8DACA06-CDC8-4D91-AF55-052BFC29B29A}"
EndProject
Project("{6EC3EE1D-3C4E-46DD-8F32-0CC8E7565705}") = "faprs.infrastructure", "src\faprs.infrastructure\faprs.infrastructure.fsproj", "{7528F932-439E-4B48-899A-38D2F02E564A}"
EndProject
Project("{2150E333-8FDC-42A3-9474-1A3956D46DE8}") = "sln", "sln", "{1E2F5BB5-6345-49EF-93B0-6B1436B5C797}"
	ProjectSection(SolutionItems) = preProject
		.gitignore = .gitignore
		Dockerfile = Dockerfile
		global.json = global.json
		README.md = README.md
	EndProjectSection
EndProject
Project("{9A19103F-16F7-4668-BE54-9A1E7A4F7556}") = "faprs.crc", "src\faprs.crc\faprs.crc.csproj", "{9E62048A-9070-4D13-A117-D00D54769162}"
EndProject
Global
	GlobalSection(SolutionConfigurationPlatforms) = preSolution
		Debug|Any CPU = Debug|Any CPU
		Debug|x64 = Debug|x64
		Debug|x86 = Debug|x86
		Release|Any CPU = Release|Any CPU
		Release|x64 = Release|x64
		Release|x86 = Release|x86
	EndGlobalSection
	GlobalSection(ProjectConfigurationPlatforms) = postSolution
		{25F86BE5-E9E9-4C31-8A80-CCFCF5D130CE}.Debug|Any CPU.ActiveCfg = Debug|Any CPU
		{25F86BE5-E9E9-4C31-8A80-CCFCF5D130CE}.Debug|Any CPU.Build.0 = Debug|Any CPU
		{25F86BE5-E9E9-4C31-8A80-CCFCF5D130CE}.Debug|x64.ActiveCfg = Debug|Any CPU
		{25F86BE5-E9E9-4C31-8A80-CCFCF5D130CE}.Debug|x64.Build.0 = Debug|Any CPU
		{25F86BE5-E9E9-4C31-8A80-CCFCF5D130CE}.Debug|x86.ActiveCfg = Debug|Any CPU
		{25F86BE5-E9E9-4C31-8A80-CCFCF5D130CE}.Debug|x86.Build.0 = Debug|Any CPU
		{25F86BE5-E9E9-4C31-8A80-CCFCF5D130CE}.Release|Any CPU.ActiveCfg = Release|Any CPU
		{25F86BE5-E9E9-4C31-8A80-CCFCF5D130CE}.Release|Any CPU.Build.0 = Release|Any CPU
		{25F86BE5-E9E9-4C31-8A80-CCFCF5D130CE}.Release|x64.ActiveCfg = Release|Any CPU
		{25F86BE5-E9E9-4C31-8A80-CCFCF5D130CE}.Release|x64.Build.0 = Release|Any CPU
		{25F86BE5-E9E9-4C31-8A80-CCFCF5D130CE}.Release|x86.ActiveCfg = Release|Any CPU
		{25F86BE5-E9E9-4C31-8A80-CCFCF5D130CE}.Release|x86.Build.0 = Release|Any CPU
		{5E1BE134-C4AC-47F3-B4BA-6C30DDC95E9D}.Debug|Any CPU.ActiveCfg = Debug|Any CPU
		{5E1BE134-C4AC-47F3-B4BA-6C30DDC95E9D}.Debug|Any CPU.Build.0 = Debug|Any CPU
		{5E1BE134-C4AC-47F3-B4BA-6C30DDC95E9D}.Debug|x64.ActiveCfg = Debug|Any CPU
		{5E1BE134-C4AC-47F3-B4BA-6C30DDC95E9D}.Debug|x64.Build.0 = Debug|Any CPU
		{5E1BE134-C4AC-47F3-B4BA-6C30DDC95E9D}.Debug|x86.ActiveCfg = Debug|Any CPU
		{5E1BE134-C4AC-47F3-B4BA-6C30DDC95E9D}.Debug|x86.Build.0 = Debug|Any CPU
		{5E1BE134-C4AC-47F3-B4BA-6C30DDC95E9D}.Release|Any CPU.ActiveCfg = Release|Any CPU
		{5E1BE134-C4AC-47F3-B4BA-6C30DDC95E9D}.Release|Any CPU.Build.0 = Release|Any CPU
		{5E1BE134-C4AC-47F3-B4BA-6C30DDC95E9D}.Release|x64.ActiveCfg = Release|Any CPU
		{5E1BE134-C4AC-47F3-B4BA-6C30DDC95E9D}.Release|x64.Build.0 = Release|Any CPU
		{5E1BE134-C4AC-47F3-B4BA-6C30DDC95E9D}.Release|x86.ActiveCfg = Release|Any CPU
		{5E1BE134-C4AC-47F3-B4BA-6C30DDC95E9D}.Release|x86.Build.0 = Release|Any CPU
		{33E51EA4-724D-4188-9C16-E4092C85561C}.Debug|Any CPU.ActiveCfg = Debug|Any CPU
		{33E51EA4-724D-4188-9C16-E4092C85561C}.Debug|Any CPU.Build.0 = Debug|Any CPU
		{33E51EA4-724D-4188-9C16-E4092C85561C}.Debug|x64.ActiveCfg = Debug|Any CPU
		{33E51EA4-724D-4188-9C16-E4092C85561C}.Debug|x64.Build.0 = Debug|Any CPU
		{33E51EA4-724D-4188-9C16-E4092C85561C}.Debug|x86.ActiveCfg = Debug|Any CPU
		{33E51EA4-724D-4188-9C16-E4092C85561C}.Debug|x86.Build.0 = Debug|Any CPU
		{33E51EA4-724D-4188-9C16-E4092C85561C}.Release|Any CPU.ActiveCfg = Release|Any CPU
		{33E51EA4-724D-4188-9C16-E4092C85561C}.Release|Any CPU.Build.0 = Release|Any CPU
		{33E51EA4-724D-4188-9C16-E4092C85561C}.Release|x64.ActiveCfg = Release|Any CPU
		{33E51EA4-724D-4188-9C16-E4092C85561C}.Release|x64.Build.0 = Release|Any CPU
		{33E51EA4-724D-4188-9C16-E4092C85561C}.Release|x86.ActiveCfg = Release|Any CPU
		{33E51EA4-724D-4188-9C16-E4092C85561C}.Release|x86.Build.0 = Release|Any CPU
		{E8DACA06-CDC8-4D91-AF55-052BFC29B29A}.Debug|Any CPU.ActiveCfg = Debug|Any CPU
		{E8DACA06-CDC8-4D91-AF55-052BFC29B29A}.Debug|Any CPU.Build.0 = Debug|Any CPU
		{E8DACA06-CDC8-4D91-AF55-052BFC29B29A}.Debug|x64.ActiveCfg = Debug|Any CPU
		{E8DACA06-CDC8-4D91-AF55-052BFC29B29A}.Debug|x64.Build.0 = Debug|Any CPU
		{E8DACA06-CDC8-4D91-AF55-052BFC29B29A}.Debug|x86.ActiveCfg = Debug|Any CPU
		{E8DACA06-CDC8-4D91-AF55-052BFC29B29A}.Debug|x86.Build.0 = Debug|Any CPU
		{E8DACA06-CDC8-4D91-AF55-052BFC29B29A}.Release|Any CPU.ActiveCfg = Release|Any CPU
		{E8DACA06-CDC8-4D91-AF55-052BFC29B29A}.Release|Any CPU.Build.0 = Release|Any CPU
		{E8DACA06-CDC8-4D91-AF55-052BFC29B29A}.Release|x64.ActiveCfg = Release|Any CPU
		{E8DACA06-CDC8-4D91-AF55-052BFC29B29A}.Release|x64.Build.0 = Release|Any CPU
		{E8DACA06-CDC8-4D91-AF55-052BFC29B29A}.Release|x86.ActiveCfg = Release|Any CPU
		{E8DACA06-CDC8-4D91-AF55-052BFC29B29A}.Release|x86.Build.0 = Release|Any CPU
		{7528F932-439E-4B48-899A-38D2F02E564A}.Debug|Any CPU.ActiveCfg = Debug|Any CPU
		{7528F932-439E-4B48-899A-38D2F02E564A}.Debug|Any CPU.Build.0 = Debug|Any CPU
		{7528F932-439E-4B48-899A-38D2F02E564A}.Debug|x64.ActiveCfg = Debug|Any CPU
		{7528F932-439E-4B48-899A-38D2F02E564A}.Debug|x64.Build.0 = Debug|Any CPU
		{7528F932-439E-4B48-899A-38D2F02E564A}.Debug|x86.ActiveCfg = Debug|Any CPU
		{7528F932-439E-4B48-899A-38D2F02E564A}.Debug|x86.Build.0 = Debug|Any CPU
		{7528F932-439E-4B48-899A-38D2F02E564A}.Release|Any CPU.ActiveCfg = Release|Any CPU
		{7528F932-439E-4B48-899A-38D2F02E564A}.Release|Any CPU.Build.0 = Release|Any CPU
		{7528F932-439E-4B48-899A-38D2F02E564A}.Release|x64.ActiveCfg = Release|Any CPU
		{7528F932-439E-4B48-899A-38D2F02E564A}.Release|x64.Build.0 = Release|Any CPU
		{7528F932-439E-4B48-899A-38D2F02E564A}.Release|x86.ActiveCfg = Release|Any CPU
		{7528F932-439E-4B48-899A-38D2F02E564A}.Release|x86.Build.0 = Release|Any CPU
		{9E62048A-9070-4D13-A117-D00D54769162}.Debug|Any CPU.ActiveCfg = Debug|Any CPU
		{9E62048A-9070-4D13-A117-D00D54769162}.Debug|Any CPU.Build.0 = Debug|Any CPU
		{9E62048A-9070-4D13-A117-D00D54769162}.Debug|x64.ActiveCfg = Debug|Any CPU
		{9E62048A-9070-4D13-A117-D00D54769162}.Debug|x64.Build.0 = Debug|Any CPU
		{9E62048A-9070-4D13-A117-D00D54769162}.Debug|x86.ActiveCfg = Debug|Any CPU
		{9E62048A-9070-4D13-A117-D00D54769162}.Debug|x86.Build.0 = Debug|Any CPU
		{9E62048A-9070-4D13-A117-D00D54769162}.Release|Any CPU.ActiveCfg = Release|Any CPU
		{9E62048A-9070-4D13-A117-D00D54769162}.Release|Any CPU.Build.0 = Release|Any CPU
		{9E62048A-9070-4D13-A117-D00D54769162}.Release|x64.ActiveCfg = Release|Any CPU
		{9E62048A-9070-4D13-A117-D00D54769162}.Release|x64.Build.0 = Release|Any CPU
		{9E62048A-9070-4D13-A117-D00D54769162}.Release|x86.ActiveCfg = Release|Any CPU
		{9E62048A-9070-4D13-A117-D00D54769162}.Release|x86.Build.0 = Release|Any CPU
	EndGlobalSection
	GlobalSection(SolutionProperties) = preSolution
		HideSolutionNode = FALSE
	EndGlobalSection
	GlobalSection(NestedProjects) = preSolution
		{25F86BE5-E9E9-4C31-8A80-CCFCF5D130CE} = {D22495EB-8649-47C6-9F0F-C077DAF3484C}
		{5E1BE134-C4AC-47F3-B4BA-6C30DDC95E9D} = {D22495EB-8649-47C6-9F0F-C077DAF3484C}
		{33E51EA4-724D-4188-9C16-E4092C85561C} = {D22495EB-8649-47C6-9F0F-C077DAF3484C}
		{E8DACA06-CDC8-4D91-AF55-052BFC29B29A} = {D22495EB-8649-47C6-9F0F-C077DAF3484C}
		{7528F932-439E-4B48-899A-38D2F02E564A} = {D22495EB-8649-47C6-9F0F-C077DAF3484C}
		{9E62048A-9070-4D13-A117-D00D54769162} = {D22495EB-8649-47C6-9F0F-C077DAF3484C}
	EndGlobalSection
	GlobalSection(ExtensibilityGlobals) = postSolution
		SolutionGuid = {4C4FED79-10D6-43D7-806A-77E280370AC3}
	EndGlobalSection
EndGlobal
